// !$*UTF8*$!
{
	archiveVersion = 1;
	classes = {
	};
	objectVersion = 46;
	objects = {

/* Begin PBXBuildFile section */
		0204248FC56FE83A35CA5E37 /* libPods.a in Frameworks */ = {isa = PBXBuildFile; fileRef = 53ECDA2BCE56D9E4FAE51200 /* libPods.a */; };
		10F957AF1BF6708D00F2E49E /* GoogleService-Info.plist in Resources */ = {isa = PBXBuildFile; fileRef = 10F957AE1BF6708D00F2E49E /* GoogleService-Info.plist */; };
		10F957B01BF6708D00F2E49E /* GoogleService-Info.plist in Resources */ = {isa = PBXBuildFile; fileRef = 10F957AE1BF6708D00F2E49E /* GoogleService-Info.plist */; };
		14F433D25FCAE7397B56557F /* libPods.a in Frameworks */ = {isa = PBXBuildFile; fileRef = 53ECDA2BCE56D9E4FAE51200 /* libPods.a */; };
		2C595EF31B2F979F00355AE7 /* logotype-xxhdpi.png in Resources */ = {isa = PBXBuildFile; fileRef = 2C595EF21B2F979F00355AE7 /* logotype-xxhdpi.png */; };
		2C595EF41B2F979F00355AE7 /* logotype-xxhdpi.png in Resources */ = {isa = PBXBuildFile; fileRef = 2C595EF21B2F979F00355AE7 /* logotype-xxhdpi.png */; };
		2C595F051B34B73A00355AE7 /* Constants.swift in Sources */ = {isa = PBXBuildFile; fileRef = 2C595F041B34B73A00355AE7 /* Constants.swift */; };
		2C595F061B34B73A00355AE7 /* Constants.swift in Sources */ = {isa = PBXBuildFile; fileRef = 2C595F041B34B73A00355AE7 /* Constants.swift */; };
		2C8562821AFAB65F00F0B24B /* Icon@2x.png in Resources */ = {isa = PBXBuildFile; fileRef = 2C85627D1AFAB65F00F0B24B /* Icon@2x.png */; };
		2C8562831AFAB65F00F0B24B /* Icon@2x.png in Resources */ = {isa = PBXBuildFile; fileRef = 2C85627D1AFAB65F00F0B24B /* Icon@2x.png */; };
		2C8562841AFAB65F00F0B24B /* Images.xcassets in Resources */ = {isa = PBXBuildFile; fileRef = 2C85627E1AFAB65F00F0B24B /* Images.xcassets */; };
		2C8562851AFAB65F00F0B24B /* Images.xcassets in Resources */ = {isa = PBXBuildFile; fileRef = 2C85627E1AFAB65F00F0B24B /* Images.xcassets */; };
		2C8562861AFAB65F00F0B24B /* LaunchScreen.xib in Resources */ = {isa = PBXBuildFile; fileRef = 2C85627F1AFAB65F00F0B24B /* LaunchScreen.xib */; };
		2C8562871AFAB65F00F0B24B /* LaunchScreen.xib in Resources */ = {isa = PBXBuildFile; fileRef = 2C85627F1AFAB65F00F0B24B /* LaunchScreen.xib */; };
		2C8E6C2B1B16875B0073CE3D /* SignInViewController.swift in Sources */ = {isa = PBXBuildFile; fileRef = 2C8E6C2A1B16875B0073CE3D /* SignInViewController.swift */; };
		2CA807BC1B21702E009AD7F2 /* MeasurementHelper.swift in Sources */ = {isa = PBXBuildFile; fileRef = 2CA807BB1B21702E009AD7F2 /* MeasurementHelper.swift */; };
		2CA807BE1B217B21009AD7F2 /* AppState.swift in Sources */ = {isa = PBXBuildFile; fileRef = 2CA807BD1B217B21009AD7F2 /* AppState.swift */; };
		5F5A53521ADE670C00F81DF0 /* main.m in Sources */ = {isa = PBXBuildFile; fileRef = 5F5A53511ADE670C00F81DF0 /* main.m */; };
		5F5A53551ADE670C00F81DF0 /* AppDelegate.m in Sources */ = {isa = PBXBuildFile; fileRef = 5F5A53541ADE670C00F81DF0 /* AppDelegate.m */; };
		5F5A53581ADE670C00F81DF0 /* ViewController.m in Sources */ = {isa = PBXBuildFile; fileRef = 5F5A53571ADE670C00F81DF0 /* ViewController.m */; };
		5F5A535B1ADE670C00F81DF0 /* Main.storyboard in Resources */ = {isa = PBXBuildFile; fileRef = 5F5A53591ADE670C00F81DF0 /* Main.storyboard */; };
		5F5A537E1ADE67D500F81DF0 /* AppDelegate.swift in Sources */ = {isa = PBXBuildFile; fileRef = 5F5A537D1ADE67D500F81DF0 /* AppDelegate.swift */; };
		5F5A53801ADE67D500F81DF0 /* FPViewController.swift in Sources */ = {isa = PBXBuildFile; fileRef = 5F5A537F1ADE67D500F81DF0 /* FPViewController.swift */; };
		5F5A539C1ADE69AA00F81DF0 /* Main.storyboard in Resources */ = {isa = PBXBuildFile; fileRef = 5F5A53591ADE670C00F81DF0 /* Main.storyboard */; };
/* End PBXBuildFile section */

/* Begin PBXFileReference section */
		1037935F1BF4256400C88958 /* module.modulemap */ = {isa = PBXFileReference; lastKnownFileType = "sourcecode.module-map"; name = module.modulemap; path = Pods/Firebase/Headers/module.modulemap; sourceTree = "<group>"; };
		10F957AE1BF6708D00F2E49E /* GoogleService-Info.plist */ = {isa = PBXFileReference; fileEncoding = 4; lastKnownFileType = text.plist.xml; path = "GoogleService-Info.plist"; sourceTree = "<group>"; };
		2C595EF21B2F979F00355AE7 /* logotype-xxhdpi.png */ = {isa = PBXFileReference; lastKnownFileType = image.png; path = "logotype-xxhdpi.png"; sourceTree = "<group>"; };
		2C595F041B34B73A00355AE7 /* Constants.swift */ = {isa = PBXFileReference; fileEncoding = 4; lastKnownFileType = sourcecode.swift; path = Constants.swift; sourceTree = "<group>"; };
		2C85627D1AFAB65F00F0B24B /* Icon@2x.png */ = {isa = PBXFileReference; lastKnownFileType = image.png; path = "Icon@2x.png"; sourceTree = "<group>"; };
		2C85627E1AFAB65F00F0B24B /* Images.xcassets */ = {isa = PBXFileReference; lastKnownFileType = folder.assetcatalog; path = Images.xcassets; sourceTree = "<group>"; };
		2C85627F1AFAB65F00F0B24B /* LaunchScreen.xib */ = {isa = PBXFileReference; fileEncoding = 4; lastKnownFileType = file.xib; path = LaunchScreen.xib; sourceTree = "<group>"; };
		2C8E6C2A1B16875B0073CE3D /* SignInViewController.swift */ = {isa = PBXFileReference; fileEncoding = 4; lastKnownFileType = sourcecode.swift; path = SignInViewController.swift; sourceTree = "<group>"; };
		2CA807BB1B21702E009AD7F2 /* MeasurementHelper.swift */ = {isa = PBXFileReference; fileEncoding = 4; lastKnownFileType = sourcecode.swift; path = MeasurementHelper.swift; sourceTree = "<group>"; };
		2CA807BD1B217B21009AD7F2 /* AppState.swift */ = {isa = PBXFileReference; fileEncoding = 4; lastKnownFileType = sourcecode.swift; path = AppState.swift; sourceTree = "<group>"; };
		4FC6F92FAA9BFA85C0586525 /* Pods.debug.xcconfig */ = {isa = PBXFileReference; includeInIndex = 1; lastKnownFileType = text.xcconfig; name = Pods.debug.xcconfig; path = "Pods/Target Support Files/Pods/Pods.debug.xcconfig"; sourceTree = "<group>"; };
		53ECDA2BCE56D9E4FAE51200 /* libPods.a */ = {isa = PBXFileReference; explicitFileType = archive.ar; includeInIndex = 0; path = libPods.a; sourceTree = BUILT_PRODUCTS_DIR; };
		5F5A534C1ADE670C00F81DF0 /* FriendlyChat.app */ = {isa = PBXFileReference; explicitFileType = wrapper.application; includeInIndex = 0; path = FriendlyChat.app; sourceTree = BUILT_PRODUCTS_DIR; };
		5F5A53501ADE670C00F81DF0 /* Info.plist */ = {isa = PBXFileReference; lastKnownFileType = text.plist.xml; path = Info.plist; sourceTree = "<group>"; };
		5F5A53511ADE670C00F81DF0 /* main.m */ = {isa = PBXFileReference; lastKnownFileType = sourcecode.c.objc; path = main.m; sourceTree = "<group>"; };
		5F5A53531ADE670C00F81DF0 /* AppDelegate.h */ = {isa = PBXFileReference; lastKnownFileType = sourcecode.c.h; path = AppDelegate.h; sourceTree = "<group>"; };
		5F5A53541ADE670C00F81DF0 /* AppDelegate.m */ = {isa = PBXFileReference; lastKnownFileType = sourcecode.c.objc; path = AppDelegate.m; sourceTree = "<group>"; };
		5F5A53561ADE670C00F81DF0 /* ViewController.h */ = {isa = PBXFileReference; lastKnownFileType = sourcecode.c.h; path = ViewController.h; sourceTree = "<group>"; };
		5F5A53571ADE670C00F81DF0 /* ViewController.m */ = {isa = PBXFileReference; lastKnownFileType = sourcecode.c.objc; path = ViewController.m; sourceTree = "<group>"; };
		5F5A535A1ADE670C00F81DF0 /* Base */ = {isa = PBXFileReference; lastKnownFileType = file.storyboard; name = Base; path = Base.lproj/Main.storyboard; sourceTree = "<group>"; };
		5F5A53791ADE67D500F81DF0 /* FriendlyChat.app */ = {isa = PBXFileReference; explicitFileType = wrapper.application; includeInIndex = 0; path = FriendlyChat.app; sourceTree = BUILT_PRODUCTS_DIR; };
		5F5A537D1ADE67D500F81DF0 /* AppDelegate.swift */ = {isa = PBXFileReference; lastKnownFileType = sourcecode.swift; path = AppDelegate.swift; sourceTree = "<group>"; };
		5F5A537F1ADE67D500F81DF0 /* FPViewController.swift */ = {isa = PBXFileReference; lastKnownFileType = sourcecode.swift; path = FPViewController.swift; sourceTree = "<group>"; };
		5F5A539B1ADE695B00F81DF0 /* BridgingHeader.h */ = {isa = PBXFileReference; lastKnownFileType = sourcecode.c.h; path = BridgingHeader.h; sourceTree = "<group>"; };
		69EA7451507DCFDCD3B32AF2 /* Pods.release.xcconfig */ = {isa = PBXFileReference; includeInIndex = 1; lastKnownFileType = text.xcconfig; name = Pods.release.xcconfig; path = "Pods/Target Support Files/Pods/Pods.release.xcconfig"; sourceTree = "<group>"; };
/* End PBXFileReference section */

/* Begin PBXFrameworksBuildPhase section */
		5F5A53491ADE670C00F81DF0 /* Frameworks */ = {
			isa = PBXFrameworksBuildPhase;
			buildActionMask = 2147483647;
			files = (
				0204248FC56FE83A35CA5E37 /* libPods.a in Frameworks */,
			);
			runOnlyForDeploymentPostprocessing = 0;
		};
		5F5A53761ADE67D500F81DF0 /* Frameworks */ = {
			isa = PBXFrameworksBuildPhase;
			buildActionMask = 2147483647;
			files = (
				14F433D25FCAE7397B56557F /* libPods.a in Frameworks */,
			);
			runOnlyForDeploymentPostprocessing = 0;
		};
/* End PBXFrameworksBuildPhase section */

/* Begin PBXGroup section */
		2C85627A1AFAB65F00F0B24B /* shared */ = {
			isa = PBXGroup;
			children = (
				2C595EF21B2F979F00355AE7 /* logotype-xxhdpi.png */,
				2C85627D1AFAB65F00F0B24B /* Icon@2x.png */,
				2C85627E1AFAB65F00F0B24B /* Images.xcassets */,
				2C85627F1AFAB65F00F0B24B /* LaunchScreen.xib */,
			);
			path = shared;
			sourceTree = "<group>";
		};
		3C09F4A15D185302D921FF28 /* Pods */ = {
			isa = PBXGroup;
			children = (
				4FC6F92FAA9BFA85C0586525 /* Pods.debug.xcconfig */,
				69EA7451507DCFDCD3B32AF2 /* Pods.release.xcconfig */,
			);
			name = Pods;
			sourceTree = "<group>";
		};
		5F5A53431ADE670C00F81DF0 = {
			isa = PBXGroup;
			children = (
				2C85627A1AFAB65F00F0B24B /* shared */,
				5F5A534E1ADE670C00F81DF0 /* FriendlyChat */,
				5F5A537A1ADE67D500F81DF0 /* FriendlyChatSwift */,
				5F5A534D1ADE670C00F81DF0 /* Products */,
				3C09F4A15D185302D921FF28 /* Pods */,
				AD1F1C80A93A096F652504F5 /* Frameworks */,
			);
			sourceTree = "<group>";
		};
		5F5A534D1ADE670C00F81DF0 /* Products */ = {
			isa = PBXGroup;
			children = (
				5F5A534C1ADE670C00F81DF0 /* FriendlyChat.app */,
				5F5A53791ADE67D500F81DF0 /* FriendlyChat.app */,
			);
			name = Products;
			sourceTree = "<group>";
		};
		5F5A534E1ADE670C00F81DF0 /* FriendlyChat */ = {
			isa = PBXGroup;
			children = (
				5F5A53531ADE670C00F81DF0 /* AppDelegate.h */,
				5F5A53541ADE670C00F81DF0 /* AppDelegate.m */,
				5F5A53561ADE670C00F81DF0 /* ViewController.h */,
				5F5A53571ADE670C00F81DF0 /* ViewController.m */,
				5F5A534F1ADE670C00F81DF0 /* Supporting Files */,
			);
			path = FriendlyChat;
			sourceTree = "<group>";
		};
		5F5A534F1ADE670C00F81DF0 /* Supporting Files */ = {
			isa = PBXGroup;
			children = (
				10F957AE1BF6708D00F2E49E /* GoogleService-Info.plist */,
				5F5A53591ADE670C00F81DF0 /* Main.storyboard */,
				5F5A53501ADE670C00F81DF0 /* Info.plist */,
				5F5A53511ADE670C00F81DF0 /* main.m */,
			);
			name = "Supporting Files";
			sourceTree = "<group>";
		};
		5F5A537A1ADE67D500F81DF0 /* FriendlyChatSwift */ = {
			isa = PBXGroup;
			children = (
				5F5A537D1ADE67D500F81DF0 /* AppDelegate.swift */,
				5F5A537F1ADE67D500F81DF0 /* FPViewController.swift */,
				5F5A537B1ADE67D500F81DF0 /* Supporting Files */,
				2C8E6C2A1B16875B0073CE3D /* SignInViewController.swift */,
				2CA807BB1B21702E009AD7F2 /* MeasurementHelper.swift */,
				2CA807BD1B217B21009AD7F2 /* AppState.swift */,
				2C595F041B34B73A00355AE7 /* Constants.swift */,
			);
			path = FriendlyChatSwift;
			sourceTree = "<group>";
		};
		5F5A537B1ADE67D500F81DF0 /* Supporting Files */ = {
			isa = PBXGroup;
			children = (
				5F5A539B1ADE695B00F81DF0 /* BridgingHeader.h */,
			);
			name = "Supporting Files";
			sourceTree = "<group>";
		};
		AD1F1C80A93A096F652504F5 /* Frameworks */ = {
			isa = PBXGroup;
			children = (
				1037935F1BF4256400C88958 /* module.modulemap */,
				53ECDA2BCE56D9E4FAE51200 /* libPods.a */,
			);
			name = Frameworks;
			sourceTree = "<group>";
		};
/* End PBXGroup section */

/* Begin PBXNativeTarget section */
		5F5A534B1ADE670C00F81DF0 /* FriendlyChat */ = {
			isa = PBXNativeTarget;
			buildConfigurationList = 5F5A536F1ADE670C00F81DF0 /* Build configuration list for PBXNativeTarget "FriendlyChat" */;
			buildPhases = (
				73885C728AEAB31B78E89112 /* Check Pods Manifest.lock */,
				5F5A53481ADE670C00F81DF0 /* Sources */,
				5F5A53491ADE670C00F81DF0 /* Frameworks */,
				5F5A534A1ADE670C00F81DF0 /* Resources */,
				91D1D05A9D77932AF7D6B095 /* Copy Pods Resources */,
				EF4D0A7028D9859DC5BDE7F6 /* Embed Pods Frameworks */,
			);
			buildRules = (
			);
			dependencies = (
			);
			name = FriendlyChat;
			productName = FriendlyPing;
			productReference = 5F5A534C1ADE670C00F81DF0 /* FriendlyChat.app */;
			productType = "com.apple.product-type.application";
		};
		5F5A53781ADE67D500F81DF0 /* FriendlyChatSwift */ = {
			isa = PBXNativeTarget;
			buildConfigurationList = 5F5A53991ADE67D500F81DF0 /* Build configuration list for PBXNativeTarget "FriendlyChatSwift" */;
			buildPhases = (
				C28B8236018FCC6F2BE257E2 /* Check Pods Manifest.lock */,
				5F5A53751ADE67D500F81DF0 /* Sources */,
				5F5A53761ADE67D500F81DF0 /* Frameworks */,
				5F5A53771ADE67D500F81DF0 /* Resources */,
				EE326273B800FA91BE4D7048 /* Copy Pods Resources */,
				BD479261BF360C92A9D4DA22 /* Embed Pods Frameworks */,
			);
			buildRules = (
			);
			dependencies = (
			);
			name = FriendlyChatSwift;
			productName = FriendlyPingSwift;
			productReference = 5F5A53791ADE67D500F81DF0 /* FriendlyChat.app */;
			productType = "com.apple.product-type.application";
		};
/* End PBXNativeTarget section */

/* Begin PBXProject section */
		5F5A53441ADE670C00F81DF0 /* Project object */ = {
			isa = PBXProject;
			attributes = {
				LastSwiftUpdateCheck = 0710;
				LastUpgradeCheck = 0710;
				ORGANIZATIONNAME = "Google Inc.";
				TargetAttributes = {
					5F5A534B1ADE670C00F81DF0 = {
						CreatedOnToolsVersion = 6.3;
						DevelopmentTeam = EQHXZ8M8AV;
					};
					5F5A53781ADE67D500F81DF0 = {
						CreatedOnToolsVersion = 6.3;
						DevelopmentTeam = EQHXZ8M8AV;
						SystemCapabilities = {
							com.apple.BackgroundModes = {
								enabled = 1;
							};
						};
					};
				};
			};
			buildConfigurationList = 5F5A53471ADE670C00F81DF0 /* Build configuration list for PBXProject "FriendlyChat" */;
			compatibilityVersion = "Xcode 3.2";
			developmentRegion = English;
			hasScannedForEncodings = 0;
			knownRegions = (
				en,
				Base,
			);
			mainGroup = 5F5A53431ADE670C00F81DF0;
			productRefGroup = 5F5A534D1ADE670C00F81DF0 /* Products */;
			projectDirPath = "";
			projectRoot = "";
			targets = (
				5F5A534B1ADE670C00F81DF0 /* FriendlyChat */,
				5F5A53781ADE67D500F81DF0 /* FriendlyChatSwift */,
			);
		};
/* End PBXProject section */

/* Begin PBXResourcesBuildPhase section */
		5F5A534A1ADE670C00F81DF0 /* Resources */ = {
			isa = PBXResourcesBuildPhase;
			buildActionMask = 2147483647;
			files = (
				2C8562861AFAB65F00F0B24B /* LaunchScreen.xib in Resources */,
				2C595EF31B2F979F00355AE7 /* logotype-xxhdpi.png in Resources */,
				2C8562841AFAB65F00F0B24B /* Images.xcassets in Resources */,
				5F5A535B1ADE670C00F81DF0 /* Main.storyboard in Resources */,
				2C8562821AFAB65F00F0B24B /* Icon@2x.png in Resources */,
				10F957AF1BF6708D00F2E49E /* GoogleService-Info.plist in Resources */,
			);
			runOnlyForDeploymentPostprocessing = 0;
		};
		5F5A53771ADE67D500F81DF0 /* Resources */ = {
			isa = PBXResourcesBuildPhase;
			buildActionMask = 2147483647;
			files = (
				2C8562871AFAB65F00F0B24B /* LaunchScreen.xib in Resources */,
				2C595EF41B2F979F00355AE7 /* logotype-xxhdpi.png in Resources */,
				2C8562851AFAB65F00F0B24B /* Images.xcassets in Resources */,
				5F5A539C1ADE69AA00F81DF0 /* Main.storyboard in Resources */,
				2C8562831AFAB65F00F0B24B /* Icon@2x.png in Resources */,
				10F957B01BF6708D00F2E49E /* GoogleService-Info.plist in Resources */,
			);
			runOnlyForDeploymentPostprocessing = 0;
		};
/* End PBXResourcesBuildPhase section */

/* Begin PBXShellScriptBuildPhase section */
		73885C728AEAB31B78E89112 /* Check Pods Manifest.lock */ = {
			isa = PBXShellScriptBuildPhase;
			buildActionMask = 2147483647;
			files = (
			);
			inputPaths = (
			);
			name = "Check Pods Manifest.lock";
			outputPaths = (
			);
			runOnlyForDeploymentPostprocessing = 0;
			shellPath = /bin/sh;
			shellScript = "diff \"${PODS_ROOT}/../Podfile.lock\" \"${PODS_ROOT}/Manifest.lock\" > /dev/null\nif [[ $? != 0 ]] ; then\n    cat << EOM\nerror: The sandbox is not in sync with the Podfile.lock. Run 'pod install' or update your CocoaPods installation.\nEOM\n    exit 1\nfi\n";
			showEnvVarsInLog = 0;
		};
		91D1D05A9D77932AF7D6B095 /* Copy Pods Resources */ = {
			isa = PBXShellScriptBuildPhase;
			buildActionMask = 2147483647;
			files = (
			);
			inputPaths = (
			);
			name = "Copy Pods Resources";
			outputPaths = (
			);
			runOnlyForDeploymentPostprocessing = 0;
			shellPath = /bin/sh;
			shellScript = "\"${SRCROOT}/Pods/Target Support Files/Pods/Pods-resources.sh\"\n";
			showEnvVarsInLog = 0;
		};
		BD479261BF360C92A9D4DA22 /* Embed Pods Frameworks */ = {
			isa = PBXShellScriptBuildPhase;
			buildActionMask = 2147483647;
			files = (
			);
			inputPaths = (
			);
			name = "Embed Pods Frameworks";
			outputPaths = (
			);
			runOnlyForDeploymentPostprocessing = 0;
			shellPath = /bin/sh;
			shellScript = "\"${SRCROOT}/Pods/Target Support Files/Pods/Pods-frameworks.sh\"\n";
			showEnvVarsInLog = 0;
		};
		C28B8236018FCC6F2BE257E2 /* Check Pods Manifest.lock */ = {
			isa = PBXShellScriptBuildPhase;
			buildActionMask = 2147483647;
			files = (
			);
			inputPaths = (
			);
			name = "Check Pods Manifest.lock";
			outputPaths = (
			);
			runOnlyForDeploymentPostprocessing = 0;
			shellPath = /bin/sh;
			shellScript = "diff \"${PODS_ROOT}/../Podfile.lock\" \"${PODS_ROOT}/Manifest.lock\" > /dev/null\nif [[ $? != 0 ]] ; then\n    cat << EOM\nerror: The sandbox is not in sync with the Podfile.lock. Run 'pod install' or update your CocoaPods installation.\nEOM\n    exit 1\nfi\n";
			showEnvVarsInLog = 0;
		};
		EE326273B800FA91BE4D7048 /* Copy Pods Resources */ = {
			isa = PBXShellScriptBuildPhase;
			buildActionMask = 2147483647;
			files = (
			);
			inputPaths = (
			);
			name = "Copy Pods Resources";
			outputPaths = (
			);
			runOnlyForDeploymentPostprocessing = 0;
			shellPath = /bin/sh;
			shellScript = "\"${SRCROOT}/Pods/Target Support Files/Pods/Pods-resources.sh\"\n";
			showEnvVarsInLog = 0;
		};
		EF4D0A7028D9859DC5BDE7F6 /* Embed Pods Frameworks */ = {
			isa = PBXShellScriptBuildPhase;
			buildActionMask = 2147483647;
			files = (
			);
			inputPaths = (
			);
			name = "Embed Pods Frameworks";
			outputPaths = (
			);
			runOnlyForDeploymentPostprocessing = 0;
			shellPath = /bin/sh;
			shellScript = "\"${SRCROOT}/Pods/Target Support Files/Pods/Pods-frameworks.sh\"\n";
			showEnvVarsInLog = 0;
		};
/* End PBXShellScriptBuildPhase section */

/* Begin PBXSourcesBuildPhase section */
		5F5A53481ADE670C00F81DF0 /* Sources */ = {
			isa = PBXSourcesBuildPhase;
			buildActionMask = 2147483647;
			files = (
				5F5A53581ADE670C00F81DF0 /* ViewController.m in Sources */,
				5F5A53551ADE670C00F81DF0 /* AppDelegate.m in Sources */,
				5F5A53521ADE670C00F81DF0 /* main.m in Sources */,
				2C595F051B34B73A00355AE7 /* Constants.swift in Sources */,
			);
			runOnlyForDeploymentPostprocessing = 0;
		};
		5F5A53751ADE67D500F81DF0 /* Sources */ = {
			isa = PBXSourcesBuildPhase;
			buildActionMask = 2147483647;
			files = (
				2C8E6C2B1B16875B0073CE3D /* SignInViewController.swift in Sources */,
				2CA807BE1B217B21009AD7F2 /* AppState.swift in Sources */,
				5F5A53801ADE67D500F81DF0 /* FPViewController.swift in Sources */,
				5F5A537E1ADE67D500F81DF0 /* AppDelegate.swift in Sources */,
				2CA807BC1B21702E009AD7F2 /* MeasurementHelper.swift in Sources */,
				2C595F061B34B73A00355AE7 /* Constants.swift in Sources */,
			);
			runOnlyForDeploymentPostprocessing = 0;
		};
/* End PBXSourcesBuildPhase section */

/* Begin PBXVariantGroup section */
		5F5A53591ADE670C00F81DF0 /* Main.storyboard */ = {
			isa = PBXVariantGroup;
			children = (
				5F5A535A1ADE670C00F81DF0 /* Base */,
			);
			name = Main.storyboard;
			sourceTree = "<group>";
		};
/* End PBXVariantGroup section */

/* Begin XCBuildConfiguration section */
		5F5A536D1ADE670C00F81DF0 /* Debug */ = {
			isa = XCBuildConfiguration;
			buildSettings = {
				ALWAYS_SEARCH_USER_PATHS = NO;
				CLANG_CXX_LANGUAGE_STANDARD = "gnu++0x";
				CLANG_CXX_LIBRARY = "libc++";
				CLANG_ENABLE_MODULES = YES;
				CLANG_ENABLE_OBJC_ARC = YES;
				CLANG_WARN_BOOL_CONVERSION = YES;
				CLANG_WARN_CONSTANT_CONVERSION = YES;
				CLANG_WARN_DIRECT_OBJC_ISA_USAGE = YES_ERROR;
				CLANG_WARN_EMPTY_BODY = YES;
				CLANG_WARN_ENUM_CONVERSION = YES;
				CLANG_WARN_INT_CONVERSION = YES;
				CLANG_WARN_OBJC_ROOT_CLASS = YES_ERROR;
				CLANG_WARN_UNREACHABLE_CODE = YES;
				CLANG_WARN__DUPLICATE_METHOD_MATCH = YES;
				CODE_SIGN_IDENTITY = "iPhone Developer: Google Development (3F4Y5873JF)";
				"CODE_SIGN_IDENTITY[sdk=iphoneos*]" = "iPhone Developer: Google Development (3F4Y5873JF)";
				COPY_PHASE_STRIP = NO;
				ENABLE_STRICT_OBJC_MSGSEND = YES;
				ENABLE_TESTABILITY = YES;
				GCC_C_LANGUAGE_STANDARD = gnu99;
				GCC_DYNAMIC_NO_PIC = NO;
				GCC_NO_COMMON_BLOCKS = YES;
				GCC_OPTIMIZATION_LEVEL = 0;
				GCC_PREPROCESSOR_DEFINITIONS = (
					"DEBUG=1",
					"$(inherited)",
				);
				GCC_SYMBOLS_PRIVATE_EXTERN = NO;
				GCC_WARN_64_TO_32_BIT_CONVERSION = YES;
				GCC_WARN_ABOUT_RETURN_TYPE = YES_ERROR;
				GCC_WARN_UNDECLARED_SELECTOR = YES;
				GCC_WARN_UNINITIALIZED_AUTOS = YES_AGGRESSIVE;
				GCC_WARN_UNUSED_FUNCTION = YES;
				GCC_WARN_UNUSED_VARIABLE = YES;
				IPHONEOS_DEPLOYMENT_TARGET = 8.0;
				MTL_ENABLE_DEBUG_INFO = YES;
				ONLY_ACTIVE_ARCH = YES;
				PROVISIONING_PROFILE = "65c2088b-2425-4961-b6d5-0256d4790678";
				SDKROOT = iphoneos;
				TARGETED_DEVICE_FAMILY = "1,2";
			};
			name = Debug;
		};
		5F5A536E1ADE670C00F81DF0 /* Release */ = {
			isa = XCBuildConfiguration;
			buildSettings = {
				ALWAYS_SEARCH_USER_PATHS = NO;
				CLANG_CXX_LANGUAGE_STANDARD = "gnu++0x";
				CLANG_CXX_LIBRARY = "libc++";
				CLANG_ENABLE_MODULES = YES;
				CLANG_ENABLE_OBJC_ARC = YES;
				CLANG_WARN_BOOL_CONVERSION = YES;
				CLANG_WARN_CONSTANT_CONVERSION = YES;
				CLANG_WARN_DIRECT_OBJC_ISA_USAGE = YES_ERROR;
				CLANG_WARN_EMPTY_BODY = YES;
				CLANG_WARN_ENUM_CONVERSION = YES;
				CLANG_WARN_INT_CONVERSION = YES;
				CLANG_WARN_OBJC_ROOT_CLASS = YES_ERROR;
				CLANG_WARN_UNREACHABLE_CODE = YES;
				CLANG_WARN__DUPLICATE_METHOD_MATCH = YES;
				CODE_SIGN_IDENTITY = "iPhone Developer: Google Development (3F4Y5873JF)";
				"CODE_SIGN_IDENTITY[sdk=iphoneos*]" = "iPhone Developer: Google Development (3F4Y5873JF)";
				COPY_PHASE_STRIP = YES;
				ENABLE_NS_ASSERTIONS = NO;
				ENABLE_STRICT_OBJC_MSGSEND = YES;
				GCC_C_LANGUAGE_STANDARD = gnu99;
				GCC_NO_COMMON_BLOCKS = YES;
				GCC_WARN_64_TO_32_BIT_CONVERSION = YES;
				GCC_WARN_ABOUT_RETURN_TYPE = YES_ERROR;
				GCC_WARN_UNDECLARED_SELECTOR = YES;
				GCC_WARN_UNINITIALIZED_AUTOS = YES_AGGRESSIVE;
				GCC_WARN_UNUSED_FUNCTION = YES;
				GCC_WARN_UNUSED_VARIABLE = YES;
				IPHONEOS_DEPLOYMENT_TARGET = 8.0;
				MTL_ENABLE_DEBUG_INFO = NO;
				PROVISIONING_PROFILE = "65c2088b-2425-4961-b6d5-0256d4790678";
				SDKROOT = iphoneos;
				TARGETED_DEVICE_FAMILY = "1,2";
				VALIDATE_PRODUCT = YES;
			};
			name = Release;
		};
		5F5A53701ADE670C00F81DF0 /* Debug */ = {
			isa = XCBuildConfiguration;
			baseConfigurationReference = 4FC6F92FAA9BFA85C0586525 /* Pods.debug.xcconfig */;
			buildSettings = {
				ASSETCATALOG_COMPILER_APPICON_NAME = AppIcon;
				ASSETCATALOG_COMPILER_LAUNCHIMAGE_NAME = LaunchImage;
				CLANG_ENABLE_MODULES = YES;
				CODE_SIGN_IDENTITY = "iPhone Developer";
				"CODE_SIGN_IDENTITY[sdk=iphoneos*]" = "iPhone Developer";
				INFOPLIST_FILE = "$(SRCROOT)/FriendlyChat/Info.plist";
				LD_RUNPATH_SEARCH_PATHS = "$(inherited) @executable_path/Frameworks";
				PRODUCT_BUNDLE_IDENTIFIER = com.google.experimental0.dev;
				PRODUCT_NAME = FriendlyChat;
				PROVISIONING_PROFILE = "";
				SWIFT_OPTIMIZATION_LEVEL = "-Onone";
			};
			name = Debug;
		};
		5F5A53711ADE670C00F81DF0 /* Release */ = {
			isa = XCBuildConfiguration;
			baseConfigurationReference = 69EA7451507DCFDCD3B32AF2 /* Pods.release.xcconfig */;
			buildSettings = {
				ASSETCATALOG_COMPILER_APPICON_NAME = AppIcon;
				ASSETCATALOG_COMPILER_LAUNCHIMAGE_NAME = LaunchImage;
				CLANG_ENABLE_MODULES = YES;
				CODE_SIGN_IDENTITY = "iPhone Developer";
				"CODE_SIGN_IDENTITY[sdk=iphoneos*]" = "iPhone Developer";
				INFOPLIST_FILE = "$(SRCROOT)/FriendlyChat/Info.plist";
				LD_RUNPATH_SEARCH_PATHS = "$(inherited) @executable_path/Frameworks";
				PRODUCT_BUNDLE_IDENTIFIER = com.google.experimental0.dev;
				PRODUCT_NAME = FriendlyChat;
				PROVISIONING_PROFILE = "";
			};
			name = Release;
		};
		5F5A53951ADE67D500F81DF0 /* Debug */ = {
			isa = XCBuildConfiguration;
			baseConfigurationReference = 4FC6F92FAA9BFA85C0586525 /* Pods.debug.xcconfig */;
			buildSettings = {
				ASSETCATALOG_COMPILER_APPICON_NAME = AppIcon;
				ASSETCATALOG_COMPILER_LAUNCHIMAGE_NAME = LaunchImage;
				CODE_SIGN_IDENTITY = "iPhone Developer";
				"CODE_SIGN_IDENTITY[sdk=iphoneos*]" = "iPhone Developer";
				ENABLE_BITCODE = NO;
				INFOPLIST_FILE = "$(SRCROOT)/FriendlyChat/Info.plist";
				LD_RUNPATH_SEARCH_PATHS = "$(inherited) @executable_path/Frameworks";
				PRODUCT_BUNDLE_IDENTIFIER = com.google.experimental0.dev;
				PRODUCT_NAME = FriendlyChat;
				PROVISIONING_PROFILE = "";
				SWIFT_OBJC_BRIDGING_HEADER = FriendlyChatSwift/BridgingHeader.h;
			};
			name = Debug;
		};
		5F5A53961ADE67D500F81DF0 /* Release */ = {
			isa = XCBuildConfiguration;
			baseConfigurationReference = 69EA7451507DCFDCD3B32AF2 /* Pods.release.xcconfig */;
			buildSettings = {
				ASSETCATALOG_COMPILER_APPICON_NAME = AppIcon;
				ASSETCATALOG_COMPILER_LAUNCHIMAGE_NAME = LaunchImage;
				CODE_SIGN_IDENTITY = "iPhone Developer";
				"CODE_SIGN_IDENTITY[sdk=iphoneos*]" = "iPhone Developer";
				ENABLE_BITCODE = NO;
				INFOPLIST_FILE = "$(SRCROOT)/FriendlyChat/Info.plist";
				LD_RUNPATH_SEARCH_PATHS = "$(inherited) @executable_path/Frameworks";
				PRODUCT_BUNDLE_IDENTIFIER = com.google.experimental0.dev;
				PRODUCT_NAME = FriendlyChat;
				PROVISIONING_PROFILE = "";
				SWIFT_OBJC_BRIDGING_HEADER = FriendlyChatSwift/BridgingHeader.h;
			};
			name = Release;
		};
/* End XCBuildConfiguration section */

/* Begin XCConfigurationList section */
		5F5A53471ADE670C00F81DF0 /* Build configuration list for PBXProject "FriendlyChat" */ = {
			isa = XCConfigurationList;
			buildConfigurations = (
				5F5A536D1ADE670C00F81DF0 /* Debug */,
				5F5A536E1ADE670C00F81DF0 /* Release */,
			);
			defaultConfigurationIsVisible = 0;
			defaultConfigurationName = Release;
		};
		5F5A536F1ADE670C00F81DF0 /* Build configuration list for PBXNativeTarget "FriendlyChat" */ = {
			isa = XCConfigurationList;
			buildConfigurations = (
				5F5A53701ADE670C00F81DF0 /* Debug */,
				5F5A53711ADE670C00F81DF0 /* Release */,
			);
			defaultConfigurationIsVisible = 0;
			defaultConfigurationName = Release;
		};
		5F5A53991ADE67D500F81DF0 /* Build configuration list for PBXNativeTarget "FriendlyChatSwift" */ = {
			isa = XCConfigurationList;
			buildConfigurations = (
				5F5A53951ADE67D500F81DF0 /* Debug */,
				5F5A53961ADE67D500F81DF0 /* Release */,
			);
			defaultConfigurationIsVisible = 0;
			defaultConfigurationName = Release;
		};
/* End XCConfigurationList section */
	};
	rootObject = 5F5A53441ADE670C00F81DF0 /* Project object */;
}
