// !$*UTF8*$!
{
	archiveVersion = 1;
	classes = {
	};
	objectVersion = 46;
	objects = {

/* Begin PBXBuildFile section */
		107960851C6130EF003DB6CC /* main.m in Sources */ = {isa = PBXBuildFile; fileRef = 107960841C6130EF003DB6CC /* main.m */; };
		107960881C6130EF003DB6CC /* AppDelegate.m in Sources */ = {isa = PBXBuildFile; fileRef = 107960871C6130EF003DB6CC /* AppDelegate.m */; };
		1079608B1C6130EF003DB6CC /* FCViewController.m in Sources */ = {isa = PBXBuildFile; fileRef = 1079608A1C6130EF003DB6CC /* FCViewController.m */; };
		107960A91C6131B6003DB6CC /* Main.storyboard in Resources */ = {isa = PBXBuildFile; fileRef = 107960A81C6131B6003DB6CC /* Main.storyboard */; };
		107960AE1C613207003DB6CC /* MeasurementHelper.m in Sources */ = {isa = PBXBuildFile; fileRef = 107960AD1C613207003DB6CC /* MeasurementHelper.m */; };
		107960B11C61321D003DB6CC /* Constants.m in Sources */ = {isa = PBXBuildFile; fileRef = 107960B01C61321D003DB6CC /* Constants.m */; };
		107960B61C613263003DB6CC /* SignInViewController.m in Sources */ = {isa = PBXBuildFile; fileRef = 107960B51C613263003DB6CC /* SignInViewController.m */; };
		107960B91C6156B3003DB6CC /* AppState.m in Sources */ = {isa = PBXBuildFile; fileRef = 107960B81C6156B3003DB6CC /* AppState.m */; };
		10AF4CD11DD238C00096D192 /* logo1024.png in Resources */ = {isa = PBXBuildFile; fileRef = 10AF4CCD1DD238C00096D192 /* logo1024.png */; };
		10AF4CD21DD238C00096D192 /* Bladefile in Resources */ = {isa = PBXBuildFile; fileRef = 10AF4CCE1DD238C00096D192 /* Bladefile */; };
		10AF4CD31DD238C00096D192 /* Images.xcassets in Resources */ = {isa = PBXBuildFile; fileRef = 10AF4CCF1DD238C00096D192 /* Images.xcassets */; };
		10AF4CD41DD238C00096D192 /* LaunchScreen.xib in Resources */ = {isa = PBXBuildFile; fileRef = 10AF4CD01DD238C00096D192 /* LaunchScreen.xib */; };
/* End PBXBuildFile section */

/* Begin PBXFileReference section */
		107960801C6130EF003DB6CC /* FriendlyChatObjC.app */ = {isa = PBXFileReference; explicitFileType = wrapper.application; includeInIndex = 0; path = FriendlyChatObjC.app; sourceTree = BUILT_PRODUCTS_DIR; };
		107960841C6130EF003DB6CC /* main.m */ = {isa = PBXFileReference; lastKnownFileType = sourcecode.c.objc; path = main.m; sourceTree = "<group>"; };
		107960861C6130EF003DB6CC /* AppDelegate.h */ = {isa = PBXFileReference; lastKnownFileType = sourcecode.c.h; path = AppDelegate.h; sourceTree = "<group>"; };
		107960871C6130EF003DB6CC /* AppDelegate.m */ = {isa = PBXFileReference; lastKnownFileType = sourcecode.c.objc; path = AppDelegate.m; sourceTree = "<group>"; };
		107960891C6130EF003DB6CC /* FCViewController.h */ = {isa = PBXFileReference; lastKnownFileType = sourcecode.c.h; path = FCViewController.h; sourceTree = "<group>"; };
		1079608A1C6130EF003DB6CC /* FCViewController.m */ = {isa = PBXFileReference; lastKnownFileType = sourcecode.c.objc; path = FCViewController.m; sourceTree = "<group>"; };
		107960A81C6131B6003DB6CC /* Main.storyboard */ = {isa = PBXFileReference; fileEncoding = 4; lastKnownFileType = file.storyboard; path = Main.storyboard; sourceTree = "<group>"; };
		107960AA1C6131E4003DB6CC /* Info.plist */ = {isa = PBXFileReference; fileEncoding = 4; lastKnownFileType = text.plist.xml; path = Info.plist; sourceTree = "<group>"; };
		107960AC1C613207003DB6CC /* MeasurementHelper.h */ = {isa = PBXFileReference; fileEncoding = 4; lastKnownFileType = sourcecode.c.h; path = MeasurementHelper.h; sourceTree = "<group>"; };
		107960AD1C613207003DB6CC /* MeasurementHelper.m */ = {isa = PBXFileReference; fileEncoding = 4; lastKnownFileType = sourcecode.c.objc; path = MeasurementHelper.m; sourceTree = "<group>"; };
		107960AF1C61321D003DB6CC /* Constants.h */ = {isa = PBXFileReference; fileEncoding = 4; lastKnownFileType = sourcecode.c.h; path = Constants.h; sourceTree = "<group>"; };
		107960B01C61321D003DB6CC /* Constants.m */ = {isa = PBXFileReference; fileEncoding = 4; lastKnownFileType = sourcecode.c.objc; path = Constants.m; sourceTree = "<group>"; };
		107960B41C613263003DB6CC /* SignInViewController.h */ = {isa = PBXFileReference; fileEncoding = 4; lastKnownFileType = sourcecode.c.h; path = SignInViewController.h; sourceTree = "<group>"; };
		107960B51C613263003DB6CC /* SignInViewController.m */ = {isa = PBXFileReference; fileEncoding = 4; lastKnownFileType = sourcecode.c.objc; path = SignInViewController.m; sourceTree = "<group>"; };
		107960B71C6156B3003DB6CC /* AppState.h */ = {isa = PBXFileReference; fileEncoding = 4; lastKnownFileType = sourcecode.c.h; path = AppState.h; sourceTree = "<group>"; };
		107960B81C6156B3003DB6CC /* AppState.m */ = {isa = PBXFileReference; fileEncoding = 4; lastKnownFileType = sourcecode.c.objc; path = AppState.m; sourceTree = "<group>"; };
		10AF4CCD1DD238C00096D192 /* logo1024.png */ = {isa = PBXFileReference; lastKnownFileType = image.png; path = logo1024.png; sourceTree = "<group>"; };
		10AF4CCE1DD238C00096D192 /* Bladefile */ = {isa = PBXFileReference; fileEncoding = 4; lastKnownFileType = text; path = Bladefile; sourceTree = "<group>"; };
		10AF4CCF1DD238C00096D192 /* Images.xcassets */ = {isa = PBXFileReference; lastKnownFileType = folder.assetcatalog; path = Images.xcassets; sourceTree = "<group>"; };
		10AF4CD01DD238C00096D192 /* LaunchScreen.xib */ = {isa = PBXFileReference; fileEncoding = 4; lastKnownFileType = file.xib; path = LaunchScreen.xib; sourceTree = "<group>"; };
/* End PBXFileReference section */

/* Begin PBXFrameworksBuildPhase section */
		1079607D1C6130EF003DB6CC /* Frameworks */ = {
			isa = PBXFrameworksBuildPhase;
			buildActionMask = 2147483647;
			files = (
			);
			runOnlyForDeploymentPostprocessing = 0;
		};
/* End PBXFrameworksBuildPhase section */

/* Begin PBXGroup section */
		107960771C6130EF003DB6CC = {
			isa = PBXGroup;
			children = (
				10AF4CCB1DD238C00096D192 /* shared */,
				107960821C6130EF003DB6CC /* FriendlyChatObjC */,
				107960811C6130EF003DB6CC /* Products */,
			);
			sourceTree = "<group>";
		};
		107960811C6130EF003DB6CC /* Products */ = {
			isa = PBXGroup;
			children = (
				107960801C6130EF003DB6CC /* FriendlyChatObjC.app */,
			);
			name = Products;
			sourceTree = "<group>";
		};
		107960821C6130EF003DB6CC /* FriendlyChatObjC */ = {
			isa = PBXGroup;
			children = (
				107960861C6130EF003DB6CC /* AppDelegate.h */,
				107960871C6130EF003DB6CC /* AppDelegate.m */,
				107960891C6130EF003DB6CC /* FCViewController.h */,
				1079608A1C6130EF003DB6CC /* FCViewController.m */,
				107960AC1C613207003DB6CC /* MeasurementHelper.h */,
				107960AD1C613207003DB6CC /* MeasurementHelper.m */,
				107960B41C613263003DB6CC /* SignInViewController.h */,
				107960B51C613263003DB6CC /* SignInViewController.m */,
				107960B71C6156B3003DB6CC /* AppState.h */,
				107960B81C6156B3003DB6CC /* AppState.m */,
				107960AF1C61321D003DB6CC /* Constants.h */,
				107960B01C61321D003DB6CC /* Constants.m */,
				107960831C6130EF003DB6CC /* Supporting Files */,
			);
			path = FriendlyChatObjC;
			sourceTree = "<group>";
		};
		107960831C6130EF003DB6CC /* Supporting Files */ = {
			isa = PBXGroup;
			children = (
				107960AA1C6131E4003DB6CC /* Info.plist */,
				107960A81C6131B6003DB6CC /* Main.storyboard */,
				107960841C6130EF003DB6CC /* main.m */,
			);
			name = "Supporting Files";
			sourceTree = "<group>";
		};
		10AF4CCB1DD238C00096D192 /* shared */ = {
			isa = PBXGroup;
			children = (
				10AF4CCC1DD238C00096D192 /* assets */,
				10AF4CCE1DD238C00096D192 /* Bladefile */,
				10AF4CCF1DD238C00096D192 /* Images.xcassets */,
				10AF4CD01DD238C00096D192 /* LaunchScreen.xib */,
			);
			path = shared;
			sourceTree = "<group>";
		};
		10AF4CCC1DD238C00096D192 /* assets */ = {
			isa = PBXGroup;
			children = (
				10AF4CCD1DD238C00096D192 /* logo1024.png */,
			);
			path = assets;
			sourceTree = "<group>";
		};
/* End PBXGroup section */

/* Begin PBXNativeTarget section */
		1079607F1C6130EF003DB6CC /* FriendlyChatObjC */ = {
			isa = PBXNativeTarget;
			buildConfigurationList = 107960A21C6130EF003DB6CC /* Build configuration list for PBXNativeTarget "FriendlyChatObjC" */;
			buildPhases = (
				1079607C1C6130EF003DB6CC /* Sources */,
				1079607D1C6130EF003DB6CC /* Frameworks */,
				1079607E1C6130EF003DB6CC /* Resources */,
			);
			buildRules = (
			);
			dependencies = (
			);
			name = FriendlyChatObjC;
			productName = FriendlyChatObjC;
			productReference = 107960801C6130EF003DB6CC /* FriendlyChatObjC.app */;
			productType = "com.apple.product-type.application";
		};
/* End PBXNativeTarget section */

/* Begin PBXProject section */
		107960781C6130EF003DB6CC /* Project object */ = {
			isa = PBXProject;
			attributes = {
				LastUpgradeCheck = 0810;
				ORGANIZATIONNAME = "Ibrahim Ulukaya";
				TargetAttributes = {
					1079607F1C6130EF003DB6CC = {
						CreatedOnToolsVersion = 7.2;
					};
				};
			};
			buildConfigurationList = 1079607B1C6130EF003DB6CC /* Build configuration list for PBXProject "FriendlyChatObjC" */;
			compatibilityVersion = "Xcode 3.2";
			developmentRegion = English;
			hasScannedForEncodings = 0;
			knownRegions = (
				en,
				Base,
			);
			mainGroup = 107960771C6130EF003DB6CC;
			productRefGroup = 107960811C6130EF003DB6CC /* Products */;
			projectDirPath = "";
			projectRoot = "";
			targets = (
				1079607F1C6130EF003DB6CC /* FriendlyChatObjC */,
			);
		};
/* End PBXProject section */

/* Begin PBXResourcesBuildPhase section */
		1079607E1C6130EF003DB6CC /* Resources */ = {
			isa = PBXResourcesBuildPhase;
			buildActionMask = 2147483647;
			files = (
				10AF4CD41DD238C00096D192 /* LaunchScreen.xib in Resources */,
				10AF4CD21DD238C00096D192 /* Bladefile in Resources */,
				10AF4CD31DD238C00096D192 /* Images.xcassets in Resources */,
				107960A91C6131B6003DB6CC /* Main.storyboard in Resources */,
				10AF4CD11DD238C00096D192 /* logo1024.png in Resources */,
			);
			runOnlyForDeploymentPostprocessing = 0;
		};
/* End PBXResourcesBuildPhase section */

/* Begin PBXSourcesBuildPhase section */
		1079607C1C6130EF003DB6CC /* Sources */ = {
			isa = PBXSourcesBuildPhase;
			buildActionMask = 2147483647;
			files = (
				107960B11C61321D003DB6CC /* Constants.m in Sources */,
				107960B91C6156B3003DB6CC /* AppState.m in Sources */,
				107960AE1C613207003DB6CC /* MeasurementHelper.m in Sources */,
				1079608B1C6130EF003DB6CC /* FCViewController.m in Sources */,
				107960881C6130EF003DB6CC /* AppDelegate.m in Sources */,
				107960B61C613263003DB6CC /* SignInViewController.m in Sources */,
				107960851C6130EF003DB6CC /* main.m in Sources */,
			);
			runOnlyForDeploymentPostprocessing = 0;
		};
/* End PBXSourcesBuildPhase section */

/* Begin XCBuildConfiguration section */
		107960A01C6130EF003DB6CC /* Debug */ = {
			isa = XCBuildConfiguration;
			buildSettings = {
				ALWAYS_SEARCH_USER_PATHS = NO;
				CLANG_CXX_LANGUAGE_STANDARD = "gnu++0x";
				CLANG_CXX_LIBRARY = "libc++";
				CLANG_ENABLE_MODULES = YES;
				CLANG_ENABLE_OBJC_ARC = YES;
				CLANG_WARN_BOOL_CONVERSION = YES;
				CLANG_WARN_CONSTANT_CONVERSION = YES;
				CLANG_WARN_DIRECT_OBJC_ISA_USAGE = YES_ERROR;
				CLANG_WARN_EMPTY_BODY = YES;
				CLANG_WARN_ENUM_CONVERSION = YES;
				CLANG_WARN_INFINITE_RECURSION = YES;
				CLANG_WARN_INT_CONVERSION = YES;
				CLANG_WARN_OBJC_ROOT_CLASS = YES_ERROR;
				CLANG_WARN_SUSPICIOUS_MOVE = YES;
				CLANG_WARN_UNREACHABLE_CODE = YES;
				CLANG_WARN__DUPLICATE_METHOD_MATCH = YES;
				"CODE_SIGN_IDENTITY[sdk=iphoneos*]" = "iPhone Developer";
				COPY_PHASE_STRIP = NO;
				DEBUG_INFORMATION_FORMAT = dwarf;
				ENABLE_STRICT_OBJC_MSGSEND = YES;
				ENABLE_TESTABILITY = YES;
				GCC_C_LANGUAGE_STANDARD = gnu99;
				GCC_DYNAMIC_NO_PIC = NO;
				GCC_NO_COMMON_BLOCKS = YES;
				GCC_OPTIMIZATION_LEVEL = 0;
				GCC_PREPROCESSOR_DEFINITIONS = (
					"DEBUG=1",
					"$(inherited)",
				);
				GCC_WARN_64_TO_32_BIT_CONVERSION = YES;
				GCC_WARN_ABOUT_RETURN_TYPE = YES_ERROR;
				GCC_WARN_UNDECLARED_SELECTOR = YES;
				GCC_WARN_UNINITIALIZED_AUTOS = YES_AGGRESSIVE;
				GCC_WARN_UNUSED_FUNCTION = YES;
				GCC_WARN_UNUSED_VARIABLE = YES;
				IPHONEOS_DEPLOYMENT_TARGET = 8.0;
				MTL_ENABLE_DEBUG_INFO = YES;
				ONLY_ACTIVE_ARCH = YES;
				SDKROOT = iphoneos;
				TARGETED_DEVICE_FAMILY = "1,2";
			};
			name = Debug;
		};
		107960A11C6130EF003DB6CC /* Release */ = {
			isa = XCBuildConfiguration;
			buildSettings = {
				ALWAYS_SEARCH_USER_PATHS = NO;
				CLANG_CXX_LANGUAGE_STANDARD = "gnu++0x";
				CLANG_CXX_LIBRARY = "libc++";
				CLANG_ENABLE_MODULES = YES;
				CLANG_ENABLE_OBJC_ARC = YES;
				CLANG_WARN_BOOL_CONVERSION = YES;
				CLANG_WARN_CONSTANT_CONVERSION = YES;
				CLANG_WARN_DIRECT_OBJC_ISA_USAGE = YES_ERROR;
				CLANG_WARN_EMPTY_BODY = YES;
				CLANG_WARN_ENUM_CONVERSION = YES;
				CLANG_WARN_INFINITE_RECURSION = YES;
				CLANG_WARN_INT_CONVERSION = YES;
				CLANG_WARN_OBJC_ROOT_CLASS = YES_ERROR;
				CLANG_WARN_SUSPICIOUS_MOVE = YES;
				CLANG_WARN_UNREACHABLE_CODE = YES;
				CLANG_WARN__DUPLICATE_METHOD_MATCH = YES;
				"CODE_SIGN_IDENTITY[sdk=iphoneos*]" = "iPhone Developer";
				COPY_PHASE_STRIP = NO;
				DEBUG_INFORMATION_FORMAT = "dwarf-with-dsym";
				ENABLE_NS_ASSERTIONS = NO;
				ENABLE_STRICT_OBJC_MSGSEND = YES;
				GCC_C_LANGUAGE_STANDARD = gnu99;
				GCC_NO_COMMON_BLOCKS = YES;
				GCC_WARN_64_TO_32_BIT_CONVERSION = YES;
				GCC_WARN_ABOUT_RETURN_TYPE = YES_ERROR;
				GCC_WARN_UNDECLARED_SELECTOR = YES;
				GCC_WARN_UNINITIALIZED_AUTOS = YES_AGGRESSIVE;
				GCC_WARN_UNUSED_FUNCTION = YES;
				GCC_WARN_UNUSED_VARIABLE = YES;
				IPHONEOS_DEPLOYMENT_TARGET = 8.0;
				MTL_ENABLE_DEBUG_INFO = NO;
				SDKROOT = iphoneos;
				TARGETED_DEVICE_FAMILY = "1,2";
				VALIDATE_PRODUCT = YES;
			};
			name = Release;
		};
		107960A31C6130EF003DB6CC /* Debug */ = {
			isa = XCBuildConfiguration;
			buildSettings = {
				ASSETCATALOG_COMPILER_APPICON_NAME = AppIcon;
				ASSETCATALOG_COMPILER_LAUNCHIMAGE_NAME = LaunchImage;
				INFOPLIST_FILE = FriendlyChatObjC/Info.plist;
				LD_RUNPATH_SEARCH_PATHS = "$(inherited) @executable_path/Frameworks";
				PRODUCT_BUNDLE_IDENTIFIER = com.google.firebase.codelab.FriendlyChatObjC;
				PRODUCT_NAME = "$(TARGET_NAME)";
			};
			name = Debug;
		};
		107960A41C6130EF003DB6CC /* Release */ = {
			isa = XCBuildConfiguration;
			buildSettings = {
				ASSETCATALOG_COMPILER_APPICON_NAME = AppIcon;
				ASSETCATALOG_COMPILER_LAUNCHIMAGE_NAME = LaunchImage;
				INFOPLIST_FILE = FriendlyChatObjC/Info.plist;
				LD_RUNPATH_SEARCH_PATHS = "$(inherited) @executable_path/Frameworks";
				PRODUCT_BUNDLE_IDENTIFIER = com.google.firebase.codelab.FriendlyChatObjC;
				PRODUCT_NAME = "$(TARGET_NAME)";
			};
			name = Release;
		};
/* End XCBuildConfiguration section */

/* Begin XCConfigurationList section */
		1079607B1C6130EF003DB6CC /* Build configuration list for PBXProject "FriendlyChatObjC" */ = {
			isa = XCConfigurationList;
			buildConfigurations = (
				107960A01C6130EF003DB6CC /* Debug */,
				107960A11C6130EF003DB6CC /* Release */,
			);
			defaultConfigurationIsVisible = 0;
			defaultConfigurationName = Release;
		};
		107960A21C6130EF003DB6CC /* Build configuration list for PBXNativeTarget "FriendlyChatObjC" */ = {
			isa = XCConfigurationList;
			buildConfigurations = (
				107960A31C6130EF003DB6CC /* Debug */,
				107960A41C6130EF003DB6CC /* Release */,
			);
			defaultConfigurationIsVisible = 0;
			defaultConfigurationName = Release;
		};
/* End XCConfigurationList section */
	};
	rootObject = 107960781C6130EF003DB6CC /* Project object */;
}
